{
  "nodes": {
    "demo_pathfinding": {
      "inputs": {
        "nixpkgs": "nixpkgs"
      },
      "locked": {
        "lastModified": 1757322032,
        "narHash": "sha256-EmnpskyCoPnrqomGXDqvL2NlQu2JmbggR4iD7AdCzMI=",
        "owner": "askeladd123",
        "repo": "pathfinding-v2",
        "rev": "f5f57ac58b23b83d69bce2357874a227c3088511",
        "type": "github"
      },
      "original": {
        "owner": "askeladd123",
        "repo": "pathfinding-v2",
        "type": "github"
      }
    },
    "nixpkgs": {
      "locked": {
        "lastModified": 1753939845,
        "narHash": "sha256-K2ViRJfdVGE8tpJejs8Qpvvejks1+A4GQej/lBk5y7I=",
        "owner": "nixos",
        "repo": "nixpkgs",
        "rev": "94def634a20494ee057c76998843c015909d6311",
        "type": "github"
      },
      "original": {
        "owner": "nixos",
        "ref": "nixos-unstable",
        "repo": "nixpkgs",
        "type": "github"
      }
    },
    "nixpkgs_2": {
      "locked": {
        "lastModified": 1757341549,
        "narHash": "sha256-fRnT+bwP1sB6ne7BLw4aXkVYjr+QCZZ+e4MhbokHyd4=",
        "owner": "nixos",
        "repo": "nixpkgs",
        "rev": "9d1fa9fa266631335618373f8faad570df6f9ede",
        "type": "github"
      },
      "original": {
        "owner": "nixos",
        "ref": "nixos-25.05",
        "repo": "nixpkgs",
        "type": "github"
      }
    },
    "root": {
      "inputs": {
        "demo_pathfinding": "demo_pathfinding",
        "nixpkgs": "nixpkgs_2"
      }
    }
  },
  "root": "root",
  "version": 7
}
